
Microsoft Visual Studio Solution File, Format Version 12.00
# Visual Studio Version 17
VisualStudioVersion = 17.8.34330.188
MinimumVisualStudioVersion = 10.0.40219.1
Project("{FAE04EC0-301F-11D3-BF4B-00C04F79EFBC}") = "chapter2_task_demonstration_01", "chapter2\chapter2_task_demonstration_01.csproj", "{2BD1F67B-F507-4B96-B064-9729DEF0DA8E}"
EndProject
Global
	GlobalSection(SolutionConfigurationPlatforms) = preSolution
		Debug|Any CPU = Debug|Any CPU
		Release|Any CPU = Release|Any CPU
	EndGlobalSection
	GlobalSection(ProjectConfigurationPlatforms) = postSolution
		{2BD1F67B-F507-4B96-B064-9729DEF0DA8E}.Debug|Any CPU.ActiveCfg = Debug|Any CPU
		{2BD1F67B-F507-4B96-B064-9729DEF0DA8E}.Debug|Any CPU.Build.0 = Debug|Any CPU
		{2BD1F67B-F507-4B96-B064-9729DEF0DA8E}.Release|Any CPU.ActiveCfg = Release|Any CPU
		{2BD1F67B-F507-4B96-B064-9729DEF0DA8E}.Release|Any CPU.Build.0 = Release|Any CPU
	EndGlobalSection
	GlobalSection(SolutionProperties) = preSolution
		HideSolutionNode = FALSE
	EndGlobalSection
	GlobalSection(ExtensibilityGlobals) = postSolution
		SolutionGuid = {4BC7DAD9-4236-4D8A-90E1-5BAD2F58051F}
	EndGlobalSection
EndGlobal
