
Microsoft Visual Studio Solution File, Format Version 12.00
# Visual Studio Version 17
VisualStudioVersion = 17.8.34330.188
MinimumVisualStudioVersion = 10.0.40219.1
Project("{FAE04EC0-301F-11D3-BF4B-00C04F79EFBC}") = "ConsoleApp2", "ConsoleApp2\ConsoleApp2.csproj", "{197167A6-E9FA-4E5B-934E-F38DDB93DD13}"
EndProject
Project("{FAE04EC0-301F-11D3-BF4B-00C04F79EFBC}") = "ConsoleApp1", "ConsoleApp1\ConsoleApp1.csproj", "{3221C841-E3DD-4329-B376-9C4CEDA98498}"
EndProject
Global
	GlobalSection(SolutionConfigurationPlatforms) = preSolution
		Debug|Any CPU = Debug|Any CPU
		Release|Any CPU = Release|Any CPU
	EndGlobalSection
	GlobalSection(ProjectConfigurationPlatforms) = postSolution
		{197167A6-E9FA-4E5B-934E-F38DDB93DD13}.Debug|Any CPU.ActiveCfg = Debug|Any CPU
		{197167A6-E9FA-4E5B-934E-F38DDB93DD13}.Debug|Any CPU.Build.0 = Debug|Any CPU
		{197167A6-E9FA-4E5B-934E-F38DDB93DD13}.Release|Any CPU.ActiveCfg = Release|Any CPU
		{197167A6-E9FA-4E5B-934E-F38DDB93DD13}.Release|Any CPU.Build.0 = Release|Any CPU
		{3221C841-E3DD-4329-B376-9C4CEDA98498}.Debug|Any CPU.ActiveCfg = Debug|Any CPU
		{3221C841-E3DD-4329-B376-9C4CEDA98498}.Debug|Any CPU.Build.0 = Debug|Any CPU
		{3221C841-E3DD-4329-B376-9C4CEDA98498}.Release|Any CPU.ActiveCfg = Release|Any CPU
		{3221C841-E3DD-4329-B376-9C4CEDA98498}.Release|Any CPU.Build.0 = Release|Any CPU
	EndGlobalSection
	GlobalSection(SolutionProperties) = preSolution
		HideSolutionNode = FALSE
	EndGlobalSection
	GlobalSection(ExtensibilityGlobals) = postSolution
		SolutionGuid = {F23B0B61-175E-49C6-80F0-B0E2BF530ADA}
	EndGlobalSection
EndGlobal
