
Microsoft Visual Studio Solution File, Format Version 12.00
# Visual Studio Version 17
VisualStudioVersion = 17.8.34330.188
MinimumVisualStudioVersion = 10.0.40219.1
Project("{9A19103F-16F7-4668-BE54-9A1E7A4F7556}") = "ServerApp", "ServerApp\ServerApp.csproj", "{EBE601EA-831B-448D-9398-A503CC5736BE}"
EndProject
Project("{FAE04EC0-301F-11D3-BF4B-00C04F79EFBC}") = "ClientApp", "ConsoleApp1\ClientApp.csproj", "{D5FD7E7E-59AD-4A74-8FF4-3F1DA30B5760}"
EndProject
Global
	GlobalSection(SolutionConfigurationPlatforms) = preSolution
		Debug|Any CPU = Debug|Any CPU
		Release|Any CPU = Release|Any CPU
	EndGlobalSection
	GlobalSection(ProjectConfigurationPlatforms) = postSolution
		{EBE601EA-831B-448D-9398-A503CC5736BE}.Debug|Any CPU.ActiveCfg = Debug|Any CPU
		{EBE601EA-831B-448D-9398-A503CC5736BE}.Debug|Any CPU.Build.0 = Debug|Any CPU
		{EBE601EA-831B-448D-9398-A503CC5736BE}.Release|Any CPU.ActiveCfg = Release|Any CPU
		{EBE601EA-831B-448D-9398-A503CC5736BE}.Release|Any CPU.Build.0 = Release|Any CPU
		{D5FD7E7E-59AD-4A74-8FF4-3F1DA30B5760}.Debug|Any CPU.ActiveCfg = Debug|Any CPU
		{D5FD7E7E-59AD-4A74-8FF4-3F1DA30B5760}.Debug|Any CPU.Build.0 = Debug|Any CPU
		{D5FD7E7E-59AD-4A74-8FF4-3F1DA30B5760}.Release|Any CPU.ActiveCfg = Release|Any CPU
		{D5FD7E7E-59AD-4A74-8FF4-3F1DA30B5760}.Release|Any CPU.Build.0 = Release|Any CPU
	EndGlobalSection
	GlobalSection(SolutionProperties) = preSolution
		HideSolutionNode = FALSE
	EndGlobalSection
	GlobalSection(ExtensibilityGlobals) = postSolution
		SolutionGuid = {528F8BC8-CBE8-4E18-BF38-31C067102B2B}
	EndGlobalSection
EndGlobal
