
Microsoft Visual Studio Solution File, Format Version 12.00
# Visual Studio Version 17
VisualStudioVersion = 17.8.34330.188
MinimumVisualStudioVersion = 10.0.40219.1
Project("{FAE04EC0-301F-11D3-BF4B-00C04F79EFBC}") = "server", "Lab1PRN222\server.csproj", "{194EBB83-CB48-45E2-BF36-A3A20C3DAEB0}"
EndProject
Project("{FAE04EC0-301F-11D3-BF4B-00C04F79EFBC}") = "Client", "Client\Client.csproj", "{2FC2CBD7-AD5F-4BA6-80EC-9434804B3015}"
EndProject
Global
	GlobalSection(SolutionConfigurationPlatforms) = preSolution
		Debug|Any CPU = Debug|Any CPU
		Release|Any CPU = Release|Any CPU
	EndGlobalSection
	GlobalSection(ProjectConfigurationPlatforms) = postSolution
		{194EBB83-CB48-45E2-BF36-A3A20C3DAEB0}.Debug|Any CPU.ActiveCfg = Debug|Any CPU
		{194EBB83-CB48-45E2-BF36-A3A20C3DAEB0}.Debug|Any CPU.Build.0 = Debug|Any CPU
		{194EBB83-CB48-45E2-BF36-A3A20C3DAEB0}.Release|Any CPU.ActiveCfg = Release|Any CPU
		{194EBB83-CB48-45E2-BF36-A3A20C3DAEB0}.Release|Any CPU.Build.0 = Release|Any CPU
		{2FC2CBD7-AD5F-4BA6-80EC-9434804B3015}.Debug|Any CPU.ActiveCfg = Debug|Any CPU
		{2FC2CBD7-AD5F-4BA6-80EC-9434804B3015}.Debug|Any CPU.Build.0 = Debug|Any CPU
		{2FC2CBD7-AD5F-4BA6-80EC-9434804B3015}.Release|Any CPU.ActiveCfg = Release|Any CPU
		{2FC2CBD7-AD5F-4BA6-80EC-9434804B3015}.Release|Any CPU.Build.0 = Release|Any CPU
	EndGlobalSection
	GlobalSection(SolutionProperties) = preSolution
		HideSolutionNode = FALSE
	EndGlobalSection
	GlobalSection(ExtensibilityGlobals) = postSolution
		SolutionGuid = {77FFAB12-9E3B-4A55-8ABC-8111A3746629}
	EndGlobalSection
EndGlobal
