
Microsoft Visual Studio Solution File, Format Version 12.00
# Visual Studio Version 17
VisualStudioVersion = 17.8.34330.188
MinimumVisualStudioVersion = 10.0.40219.1
Project("{FAE04EC0-301F-11D3-BF4B-00C04F79EFBC}") = "ConsoleApp1", "ConsoleApp1\ConsoleApp1.csproj", "{2480B371-5B51-4BD2-B985-5E6F63885AFD}"
EndProject
Global
	GlobalSection(SolutionConfigurationPlatforms) = preSolution
		Debug|Any CPU = Debug|Any CPU
		Release|Any CPU = Release|Any CPU
	EndGlobalSection
	GlobalSection(ProjectConfigurationPlatforms) = postSolution
		{2480B371-5B51-4BD2-B985-5E6F63885AFD}.Debug|Any CPU.ActiveCfg = Debug|Any CPU
		{2480B371-5B51-4BD2-B985-5E6F63885AFD}.Debug|Any CPU.Build.0 = Debug|Any CPU
		{2480B371-5B51-4BD2-B985-5E6F63885AFD}.Release|Any CPU.ActiveCfg = Release|Any CPU
		{2480B371-5B51-4BD2-B985-5E6F63885AFD}.Release|Any CPU.Build.0 = Release|Any CPU
	EndGlobalSection
	GlobalSection(SolutionProperties) = preSolution
		HideSolutionNode = FALSE
	EndGlobalSection
	GlobalSection(ExtensibilityGlobals) = postSolution
		SolutionGuid = {BB7520F7-B90C-4241-82A9-E99B3333C234}
	EndGlobalSection
EndGlobal
