
Microsoft Visual Studio Solution File, Format Version 12.00
# Visual Studio Version 17
VisualStudioVersion = 17.8.34330.188
MinimumVisualStudioVersion = 10.0.40219.1
Project("{FAE04EC0-301F-11D3-BF4B-00C04F79EFBC}") = "Asynchronous", "Asynchronous\Asynchronous.csproj", "{B604397D-9765-44AF-AA26-BCD582EB31F2}"
EndProject
Global
	GlobalSection(SolutionConfigurationPlatforms) = preSolution
		Debug|Any CPU = Debug|Any CPU
		Release|Any CPU = Release|Any CPU
	EndGlobalSection
	GlobalSection(ProjectConfigurationPlatforms) = postSolution
		{B604397D-9765-44AF-AA26-BCD582EB31F2}.Debug|Any CPU.ActiveCfg = Debug|Any CPU
		{B604397D-9765-44AF-AA26-BCD582EB31F2}.Debug|Any CPU.Build.0 = Debug|Any CPU
		{B604397D-9765-44AF-AA26-BCD582EB31F2}.Release|Any CPU.ActiveCfg = Release|Any CPU
		{B604397D-9765-44AF-AA26-BCD582EB31F2}.Release|Any CPU.Build.0 = Release|Any CPU
	EndGlobalSection
	GlobalSection(SolutionProperties) = preSolution
		HideSolutionNode = FALSE
	EndGlobalSection
	GlobalSection(ExtensibilityGlobals) = postSolution
		SolutionGuid = {7D130F38-09D8-4333-B279-8CB824DD788F}
	EndGlobalSection
EndGlobal
