
Microsoft Visual Studio Solution File, Format Version 12.00
# Visual Studio Version 17
VisualStudioVersion = 17.8.34330.188
MinimumVisualStudioVersion = 10.0.40219.1
Project("{FAE04EC0-301F-11D3-BF4B-00C04F79EFBC}") = "IoC Pattern Demo", "IoC Pattern Demo\IoC Pattern Demo.csproj", "{BBB62ABE-CF92-4BF1-9517-D669532DA2EF}"
EndProject
Global
	GlobalSection(SolutionConfigurationPlatforms) = preSolution
		Debug|Any CPU = Debug|Any CPU
		Release|Any CPU = Release|Any CPU
	EndGlobalSection
	GlobalSection(ProjectConfigurationPlatforms) = postSolution
		{BBB62ABE-CF92-4BF1-9517-D669532DA2EF}.Debug|Any CPU.ActiveCfg = Debug|Any CPU
		{BBB62ABE-CF92-4BF1-9517-D669532DA2EF}.Debug|Any CPU.Build.0 = Debug|Any CPU
		{BBB62ABE-CF92-4BF1-9517-D669532DA2EF}.Release|Any CPU.ActiveCfg = Release|Any CPU
		{BBB62ABE-CF92-4BF1-9517-D669532DA2EF}.Release|Any CPU.Build.0 = Release|Any CPU
	EndGlobalSection
	GlobalSection(SolutionProperties) = preSolution
		HideSolutionNode = FALSE
	EndGlobalSection
	GlobalSection(ExtensibilityGlobals) = postSolution
		SolutionGuid = {7F933347-A564-4D5F-AB62-4B43E0A2140C}
	EndGlobalSection
EndGlobal
